lockfileVersion: '6.0'

settings:
  autoInstallPeers: true
  excludeLinksFromLockfile: false

dependencies:
  prettier:
    specifier: ^3.0.1
    version: 3.0.1

packages:

  /prettier@3.0.1:
    resolution: {integrity: sha512-fcOWSnnpCrovBsmFZIGIy9UqK2FaI7Hqax+DIO0A9UxeVoY4iweyaFjS5TavZN97Hfehph0nhsZnjlVKzEQSrQ==}
    engines: {node: '>=14'}
    hasBin: true
    dev: false
